// !$*UTF8*$!
{
	archiveVersion = 1;
	classes = {
	};
	objectVersion = 56;
	objects = {

/* Begin PBXBuildFile section */
		CD66DF3D2B7DED7A0027EFA0 /* War_Card_GameApp.swift in Sources */ = {isa = PBXBuildFile; fileRef = CD66DF3C2B7DED7A0027EFA0 /* War_Card_GameApp.swift */; };
		CD66DF3F2B7DED7A0027EFA0 /* ContentView.swift in Sources */ = {isa = PBXBuildFile; fileRef = CD66DF3E2B7DED7A0027EFA0 /* ContentView.swift */; };
		CD66DF412B7DED7C0027EFA0 /* Assets.xcassets in Resources */ = {isa = PBXBuildFile; fileRef = CD66DF402B7DED7C0027EFA0 /* Assets.xcassets */; };
		CD66DF442B7DED7C0027EFA0 /* Preview Assets.xcassets in Resources */ = {isa = PBXBuildFile; fileRef = CD66DF432B7DED7C0027EFA0 /* Preview Assets.xcassets */; };
		CD66DF4E2B7DED7C0027EFA0 /* War_Card_GameTests.swift in Sources */ = {isa = PBXBuildFile; fileRef = CD66DF4D2B7DED7C0027EFA0 /* War_Card_GameTests.swift */; };
		CD66DF582B7DED7C0027EFA0 /* War_Card_GameUITests.swift in Sources */ = {isa = PBXBuildFile; fileRef = CD66DF572B7DED7C0027EFA0 /* War_Card_GameUITests.swift */; };
		CD66DF5A2B7DED7C0027EFA0 /* War_Card_GameUITestsLaunchTests.swift in Sources */ = {isa = PBXBuildFile; fileRef = CD66DF592B7DED7C0027EFA0 /* War_Card_GameUITestsLaunchTests.swift */; };
/* End PBXBuildFile section */

/* Begin PBXContainerItemProxy section */
		CD66DF4A2B7DED7C0027EFA0 /* PBXContainerItemProxy */ = {
			isa = PBXContainerItemProxy;
			containerPortal = CD66DF312B7DED7A0027EFA0 /* Project object */;
			proxyType = 1;
			remoteGlobalIDString = CD66DF382B7DED7A0027EFA0;
			remoteInfo = "War Card Game";
		};
		CD66DF542B7DED7C0027EFA0 /* PBXContainerItemProxy */ = {
			isa = PBXContainerItemProxy;
			containerPortal = CD66DF312B7DED7A0027EFA0 /* Project object */;
			proxyType = 1;
			remoteGlobalIDString = CD66DF382B7DED7A0027EFA0;
			remoteInfo = "War Card Game";
		};
/* End PBXContainerItemProxy section */

/* Begin PBXFileReference section */
		CD66DF392B7DED7A0027EFA0 /* War Card Game.app */ = {isa = PBXFileReference; explicitFileType = wrapper.application; includeInIndex = 0; path = "War Card Game.app"; sourceTree = BUILT_PRODUCTS_DIR; };
		CD66DF3C2B7DED7A0027EFA0 /* War_Card_GameApp.swift */ = {isa = PBXFileReference; lastKnownFileType = sourcecode.swift; path = War_Card_GameApp.swift; sourceTree = "<group>"; };
		CD66DF3E2B7DED7A0027EFA0 /* ContentView.swift */ = {isa = PBXFileReference; lastKnownFileType = sourcecode.swift; path = ContentView.swift; sourceTree = "<group>"; };
		CD66DF402B7DED7C0027EFA0 /* Assets.xcassets */ = {isa = PBXFileReference; lastKnownFileType = folder.assetcatalog; path = Assets.xcassets; sourceTree = "<group>"; };
		CD66DF432B7DED7C0027EFA0 /* Preview Assets.xcassets */ = {isa = PBXFileReference; lastKnownFileType = folder.assetcatalog; path = "Preview Assets.xcassets"; sourceTree = "<group>"; };
		CD66DF492B7DED7C0027EFA0 /* War Card GameTests.xctest */ = {isa = PBXFileReference; explicitFileType = wrapper.cfbundle; includeInIndex = 0; path = "War Card GameTests.xctest"; sourceTree = BUILT_PRODUCTS_DIR; };
		CD66DF4D2B7DED7C0027EFA0 /* War_Card_GameTests.swift */ = {isa = PBXFileReference; lastKnownFileType = sourcecode.swift; path = War_Card_GameTests.swift; sourceTree = "<group>"; };
		CD66DF532B7DED7C0027EFA0 /* War Card GameUITests.xctest */ = {isa = PBXFileReference; explicitFileType = wrapper.cfbundle; includeInIndex = 0; path = "War Card GameUITests.xctest"; sourceTree = BUILT_PRODUCTS_DIR; };
		CD66DF572B7DED7C0027EFA0 /* War_Card_GameUITests.swift */ = {isa = PBXFileReference; lastKnownFileType = sourcecode.swift; path = War_Card_GameUITests.swift; sourceTree = "<group>"; };
		CD66DF592B7DED7C0027EFA0 /* War_Card_GameUITestsLaunchTests.swift */ = {isa = PBXFileReference; lastKnownFileType = sourcecode.swift; path = War_Card_GameUITestsLaunchTests.swift; sourceTree = "<group>"; };
/* End PBXFileReference section */

/* Begin PBXFrameworksBuildPhase section */
		CD66DF362B7DED7A0027EFA0 /* Frameworks */ = {
			isa = PBXFrameworksBuildPhase;
			buildActionMask = 2147483647;
			files = (
			);
			runOnlyForDeploymentPostprocessing = 0;
		};
		CD66DF462B7DED7C0027EFA0 /* Frameworks */ = {
			isa = PBXFrameworksBuildPhase;
			buildActionMask = 2147483647;
			files = (
			);
			runOnlyForDeploymentPostprocessing = 0;
		};
		CD66DF502B7DED7C0027EFA0 /* Frameworks */ = {
			isa = PBXFrameworksBuildPhase;
			buildActionMask = 2147483647;
			files = (
			);
			runOnlyForDeploymentPostprocessing = 0;
		};
/* End PBXFrameworksBuildPhase section */

/* Begin PBXGroup section */
		CD66DF302B7DED7A0027EFA0 = {
			isa = PBXGroup;
			children = (
				CD66DF3B2B7DED7A0027EFA0 /* War Card Game */,
				CD66DF4C2B7DED7C0027EFA0 /* War Card GameTests */,
				CD66DF562B7DED7C0027EFA0 /* War Card GameUITests */,
				CD66DF3A2B7DED7A0027EFA0 /* Products */,
			);
			sourceTree = "<group>";
		};
		CD66DF3A2B7DED7A0027EFA0 /* Products */ = {
			isa = PBXGroup;
			children = (
				CD66DF392B7DED7A0027EFA0 /* War Card Game.app */,
				CD66DF492B7DED7C0027EFA0 /* War Card GameTests.xctest */,
				CD66DF532B7DED7C0027EFA0 /* War Card GameUITests.xctest */,
			);
			name = Products;
			sourceTree = "<group>";
		};
		CD66DF3B2B7DED7A0027EFA0 /* War Card Game */ = {
			isa = PBXGroup;
			children = (
				CD66DF3C2B7DED7A0027EFA0 /* War_Card_GameApp.swift */,
				CD66DF3E2B7DED7A0027EFA0 /* ContentView.swift */,
				CD66DF402B7DED7C0027EFA0 /* Assets.xcassets */,
				CD66DF422B7DED7C0027EFA0 /* Preview Content */,
			);
			path = "War Card Game";
			sourceTree = "<group>";
		};
		CD66DF422B7DED7C0027EFA0 /* Preview Content */ = {
			isa = PBXGroup;
			children = (
				CD66DF432B7DED7C0027EFA0 /* Preview Assets.xcassets */,
			);
			path = "Preview Content";
			sourceTree = "<group>";
		};
		CD66DF4C2B7DED7C0027EFA0 /* War Card GameTests */ = {
			isa = PBXGroup;
			children = (
				CD66DF4D2B7DED7C0027EFA0 /* War_Card_GameTests.swift */,
			);
			path = "War Card GameTests";
			sourceTree = "<group>";
		};
		CD66DF562B7DED7C0027EFA0 /* War Card GameUITests */ = {
			isa = PBXGroup;
			children = (
				CD66DF572B7DED7C0027EFA0 /* War_Card_GameUITests.swift */,
				CD66DF592B7DED7C0027EFA0 /* War_Card_GameUITestsLaunchTests.swift */,
			);
			path = "War Card GameUITests";
			sourceTree = "<group>";
		};
/* End PBXGroup section */

/* Begin PBXNativeTarget section */
		CD66DF382B7DED7A0027EFA0 /* War Card Game */ = {
			isa = PBXNativeTarget;
			buildConfigurationList = CD66DF5D2B7DED7C0027EFA0 /* Build configuration list for PBXNativeTarget "War Card Game" */;
			buildPhases = (
				CD66DF352B7DED7A0027EFA0 /* Sources */,
				CD66DF362B7DED7A0027EFA0 /* Frameworks */,
				CD66DF372B7DED7A0027EFA0 /* Resources */,
			);
			buildRules = (
			);
			dependencies = (
			);
			name = "War Card Game";
			productName = "War Card Game";
			productReference = CD66DF392B7DED7A0027EFA0 /* War Card Game.app */;
			productType = "com.apple.product-type.application";
		};
		CD66DF482B7DED7C0027EFA0 /* War Card GameTests */ = {
			isa = PBXNativeTarget;
			buildConfigurationList = CD66DF602B7DED7C0027EFA0 /* Build configuration list for PBXNativeTarget "War Card GameTests" */;
			buildPhases = (
				CD66DF452B7DED7C0027EFA0 /* Sources */,
				CD66DF462B7DED7C0027EFA0 /* Frameworks */,
				CD66DF472B7DED7C0027EFA0 /* Resources */,
			);
			buildRules = (
			);
			dependencies = (
				CD66DF4B2B7DED7C0027EFA0 /* PBXTargetDependency */,
			);
			name = "War Card GameTests";
			productName = "War Card GameTests";
			productReference = CD66DF492B7DED7C0027EFA0 /* War Card GameTests.xctest */;
			productType = "com.apple.product-type.bundle.unit-test";
		};
		CD66DF522B7DED7C0027EFA0 /* War Card GameUITests */ = {
			isa = PBXNativeTarget;
			buildConfigurationList = CD66DF632B7DED7C0027EFA0 /* Build configuration list for PBXNativeTarget "War Card GameUITests" */;
			buildPhases = (
				CD66DF4F2B7DED7C0027EFA0 /* Sources */,
				CD66DF502B7DED7C0027EFA0 /* Frameworks */,
				CD66DF512B7DED7C0027EFA0 /* Resources */,
			);
			buildRules = (
			);
			dependencies = (
				CD66DF552B7DED7C0027EFA0 /* PBXTargetDependency */,
			);
			name = "War Card GameUITests";
			productName = "War Card GameUITests";
			productReference = CD66DF532B7DED7C0027EFA0 /* War Card GameUITests.xctest */;
			productType = "com.apple.product-type.bundle.ui-testing";
		};
/* End PBXNativeTarget section */

/* Begin PBXProject section */
		CD66DF312B7DED7A0027EFA0 /* Project object */ = {
			isa = PBXProject;
			attributes = {
				BuildIndependentTargetsInParallel = 1;
				LastSwiftUpdateCheck = 1520;
				LastUpgradeCheck = 1520;
				TargetAttributes = {
					CD66DF382B7DED7A0027EFA0 = {
						CreatedOnToolsVersion = 15.2;
					};
					CD66DF482B7DED7C0027EFA0 = {
						CreatedOnToolsVersion = 15.2;
						TestTargetID = CD66DF382B7DED7A0027EFA0;
					};
					CD66DF522B7DED7C0027EFA0 = {
						CreatedOnToolsVersion = 15.2;
						TestTargetID = CD66DF382B7DED7A0027EFA0;
					};
				};
			};
			buildConfigurationList = CD66DF342B7DED7A0027EFA0 /* Build configuration list for PBXProject "War Card Game" */;
			compatibilityVersion = "Xcode 14.0";
			developmentRegion = en;
			hasScannedForEncodings = 0;
			knownRegions = (
				en,
				Base,
			);
			mainGroup = CD66DF302B7DED7A0027EFA0;
			productRefGroup = CD66DF3A2B7DED7A0027EFA0 /* Products */;
			projectDirPath = "";
			projectRoot = "";
			targets = (
				CD66DF382B7DED7A0027EFA0 /* War Card Game */,
				CD66DF482B7DED7C0027EFA0 /* War Card GameTests */,
				CD66DF522B7DED7C0027EFA0 /* War Card GameUITests */,
			);
		};
/* End PBXProject section */

/* Begin PBXResourcesBuildPhase section */
		CD66DF372B7DED7A0027EFA0 /* Resources */ = {
			isa = PBXResourcesBuildPhase;
			buildActionMask = 2147483647;
			files = (
				CD66DF442B7DED7C0027EFA0 /* Preview Assets.xcassets in Resources */,
				CD66DF412B7DED7C0027EFA0 /* Assets.xcassets in Resources */,
			);
			runOnlyForDeploymentPostprocessing = 0;
		};
		CD66DF472B7DED7C0027EFA0 /* Resources */ = {
			isa = PBXResourcesBuildPhase;
			buildActionMask = 2147483647;
			files = (
			);
			runOnlyForDeploymentPostprocessing = 0;
		};
		CD66DF512B7DED7C0027EFA0 /* Resources */ = {
			isa = PBXResourcesBuildPhase;
			buildActionMask = 2147483647;
			files = (
			);
			runOnlyForDeploymentPostprocessing = 0;
		};
/* End PBXResourcesBuildPhase section */

/* Begin PBXSourcesBuildPhase section */
		CD66DF352B7DED7A0027EFA0 /* Sources */ = {
			isa = PBXSourcesBuildPhase;
			buildActionMask = 2147483647;
			files = (
				CD66DF3F2B7DED7A0027EFA0 /* ContentView.swift in Sources */,
				CD66DF3D2B7DED7A0027EFA0 /* War_Card_GameApp.swift in Sources */,
			);
			runOnlyForDeploymentPostprocessing = 0;
		};
		CD66DF452B7DED7C0027EFA0 /* Sources */ = {
			isa = PBXSourcesBuildPhase;
			buildActionMask = 2147483647;
			files = (
				CD66DF4E2B7DED7C0027EFA0 /* War_Card_GameTests.swift in Sources */,
			);
			runOnlyForDeploymentPostprocessing = 0;
		};
		CD66DF4F2B7DED7C0027EFA0 /* Sources */ = {
			isa = PBXSourcesBuildPhase;
			buildActionMask = 2147483647;
			files = (
				CD66DF582B7DED7C0027EFA0 /* War_Card_GameUITests.swift in Sources */,
				CD66DF5A2B7DED7C0027EFA0 /* War_Card_GameUITestsLaunchTests.swift in Sources */,
			);
			runOnlyForDeploymentPostprocessing = 0;
		};
/* End PBXSourcesBuildPhase section */

/* Begin PBXTargetDependency section */
		CD66DF4B2B7DED7C0027EFA0 /* PBXTargetDependency */ = {
			isa = PBXTargetDependency;
			target = CD66DF382B7DED7A0027EFA0 /* War Card Game */;
			targetProxy = CD66DF4A2B7DED7C0027EFA0 /* PBXContainerItemProxy */;
		};
		CD66DF552B7DED7C0027EFA0 /* PBXTargetDependency */ = {
			isa = PBXTargetDependency;
			target = CD66DF382B7DED7A0027EFA0 /* War Card Game */;
			targetProxy = CD66DF542B7DED7C0027EFA0 /* PBXContainerItemProxy */;
		};
/* End PBXTargetDependency section */

/* Begin XCBuildConfiguration section */
		CD66DF5B2B7DED7C0027EFA0 /* Debug */ = {
			isa = XCBuildConfiguration;
			buildSettings = {
				ALWAYS_SEARCH_USER_PATHS = NO;
				ASSETCATALOG_COMPILER_GENERATE_SWIFT_ASSET_SYMBOL_EXTENSIONS = YES;
				CLANG_ANALYZER_NONNULL = YES;
				CLANG_ANALYZER_NUMBER_OBJECT_CONVERSION = YES_AGGRESSIVE;
				CLANG_CXX_LANGUAGE_STANDARD = "gnu++20";
				CLANG_ENABLE_MODULES = YES;
				CLANG_ENABLE_OBJC_ARC = YES;
				CLANG_ENABLE_OBJC_WEAK = YES;
				CLANG_WARN_BLOCK_CAPTURE_AUTORELEASING = YES;
				CLANG_WARN_BOOL_CONVERSION = YES;
				CLANG_WARN_COMMA = YES;
				CLANG_WARN_CONSTANT_CONVERSION = YES;
				CLANG_WARN_DEPRECATED_OBJC_IMPLEMENTATIONS = YES;
				CLANG_WARN_DIRECT_OBJC_ISA_USAGE = YES_ERROR;
				CLANG_WARN_DOCUMENTATION_COMMENTS = YES;
				CLANG_WARN_EMPTY_BODY = YES;
				CLANG_WARN_ENUM_CONVERSION = YES;
				CLANG_WARN_INFINITE_RECURSION = YES;
				CLANG_WARN_INT_CONVERSION = YES;
				CLANG_WARN_NON_LITERAL_NULL_CONVERSION = YES;
				CLANG_WARN_OBJC_IMPLICIT_RETAIN_SELF = YES;
				CLANG_WARN_OBJC_LITERAL_CONVERSION = YES;
				CLANG_WARN_OBJC_ROOT_CLASS = YES_ERROR;
				CLANG_WARN_QUOTED_INCLUDE_IN_FRAMEWORK_HEADER = YES;
				CLANG_WARN_RANGE_LOOP_ANALYSIS = YES;
				CLANG_WARN_STRICT_PROTOTYPES = YES;
				CLANG_WARN_SUSPICIOUS_MOVE = YES;
				CLANG_WARN_UNGUARDED_AVAILABILITY = YES_AGGRESSIVE;
				CLANG_WARN_UNREACHABLE_CODE = YES;
				CLANG_WARN__DUPLICATE_METHOD_MATCH = YES;
				COPY_PHASE_STRIP = NO;
				DEBUG_INFORMATION_FORMAT = dwarf;
				ENABLE_STRICT_OBJC_MSGSEND = YES;
				ENABLE_TESTABILITY = YES;
				ENABLE_USER_SCRIPT_SANDBOXING = YES;
				GCC_C_LANGUAGE_STANDARD = gnu17;
				GCC_DYNAMIC_NO_PIC = NO;
				GCC_NO_COMMON_BLOCKS = YES;
				GCC_OPTIMIZATION_LEVEL = 0;
				GCC_PREPROCESSOR_DEFINITIONS = (
					"DEBUG=1",
					"$(inherited)",
				);
				GCC_WARN_64_TO_32_BIT_CONVERSION = YES;
				GCC_WARN_ABOUT_RETURN_TYPE = YES_ERROR;
				GCC_WARN_UNDECLARED_SELECTOR = YES;
				GCC_WARN_UNINITIALIZED_AUTOS = YES_AGGRESSIVE;
				GCC_WARN_UNUSED_FUNCTION = YES;
				GCC_WARN_UNUSED_VARIABLE = YES;
				IPHONEOS_DEPLOYMENT_TARGET = 17.2;
				LOCALIZATION_PREFERS_STRING_CATALOGS = YES;
				MTL_ENABLE_DEBUG_INFO = INCLUDE_SOURCE;
				MTL_FAST_MATH = YES;
				ONLY_ACTIVE_ARCH = YES;
				SDKROOT = iphoneos;
				SWIFT_ACTIVE_COMPILATION_CONDITIONS = "DEBUG $(inherited)";
				SWIFT_OPTIMIZATION_LEVEL = "-Onone";
			};
			name = Debug;
		};
		CD66DF5C2B7DED7C0027EFA0 /* Release */ = {
			isa = XCBuildConfiguration;
			buildSettings = {
				ALWAYS_SEARCH_USER_PATHS = NO;
				ASSETCATALOG_COMPILER_GENERATE_SWIFT_ASSET_SYMBOL_EXTENSIONS = YES;
				CLANG_ANALYZER_NONNULL = YES;
				CLANG_ANALYZER_NUMBER_OBJECT_CONVERSION = YES_AGGRESSIVE;
				CLANG_CXX_LANGUAGE_STANDARD = "gnu++20";
				CLANG_ENABLE_MODULES = YES;
				CLANG_ENABLE_OBJC_ARC = YES;
				CLANG_ENABLE_OBJC_WEAK = YES;
				CLANG_WARN_BLOCK_CAPTURE_AUTORELEASING = YES;
				CLANG_WARN_BOOL_CONVERSION = YES;
				CLANG_WARN_COMMA = YES;
				CLANG_WARN_CONSTANT_CONVERSION = YES;
				CLANG_WARN_DEPRECATED_OBJC_IMPLEMENTATIONS = YES;
				CLANG_WARN_DIRECT_OBJC_ISA_USAGE = YES_ERROR;
				CLANG_WARN_DOCUMENTATION_COMMENTS = YES;
				CLANG_WARN_EMPTY_BODY = YES;
				CLANG_WARN_ENUM_CONVERSION = YES;
				CLANG_WARN_INFINITE_RECURSION = YES;
				CLANG_WARN_INT_CONVERSION = YES;
				CLANG_WARN_NON_LITERAL_NULL_CONVERSION = YES;
				CLANG_WARN_OBJC_IMPLICIT_RETAIN_SELF = YES;
				CLANG_WARN_OBJC_LITERAL_CONVERSION = YES;
				CLANG_WARN_OBJC_ROOT_CLASS = YES_ERROR;
				CLANG_WARN_QUOTED_INCLUDE_IN_FRAMEWORK_HEADER = YES;
				CLANG_WARN_RANGE_LOOP_ANALYSIS = YES;
				CLANG_WARN_STRICT_PROTOTYPES = YES;
				CLANG_WARN_SUSPICIOUS_MOVE = YES;
				CLANG_WARN_UNGUARDED_AVAILABILITY = YES_AGGRESSIVE;
				CLANG_WARN_UNREACHABLE_CODE = YES;
				CLANG_WARN__DUPLICATE_METHOD_MATCH = YES;
				COPY_PHASE_STRIP = NO;
				DEBUG_INFORMATION_FORMAT = "dwarf-with-dsym";
				ENABLE_NS_ASSERTIONS = NO;
				ENABLE_STRICT_OBJC_MSGSEND = YES;
				ENABLE_USER_SCRIPT_SANDBOXING = YES;
				GCC_C_LANGUAGE_STANDARD = gnu17;
				GCC_NO_COMMON_BLOCKS = YES;
				GCC_WARN_64_TO_32_BIT_CONVERSION = YES;
				GCC_WARN_ABOUT_RETURN_TYPE = YES_ERROR;
				GCC_WARN_UNDECLARED_SELECTOR = YES;
				GCC_WARN_UNINITIALIZED_AUTOS = YES_AGGRESSIVE;
				GCC_WARN_UNUSED_FUNCTION = YES;
				GCC_WARN_UNUSED_VARIABLE = YES;
				IPHONEOS_DEPLOYMENT_TARGET = 17.2;
				LOCALIZATION_PREFERS_STRING_CATALOGS = YES;
				MTL_ENABLE_DEBUG_INFO = NO;
				MTL_FAST_MATH = YES;
				SDKROOT = iphoneos;
				SWIFT_COMPILATION_MODE = wholemodule;
				VALIDATE_PRODUCT = YES;
			};
			name = Release;
		};
		CD66DF5E2B7DED7C0027EFA0 /* Debug */ = {
			isa = XCBuildConfiguration;
			buildSettings = {
				ASSETCATALOG_COMPILER_APPICON_NAME = AppIcon;
				ASSETCATALOG_COMPILER_GLOBAL_ACCENT_COLOR_NAME = AccentColor;
				CODE_SIGN_STYLE = Automatic;
				CURRENT_PROJECT_VERSION = 1;
				DEVELOPMENT_ASSET_PATHS = "\"War Card Game/Preview Content\"";
				ENABLE_PREVIEWS = YES;
				GENERATE_INFOPLIST_FILE = YES;
				INFOPLIST_KEY_UIApplicationSceneManifest_Generation = YES;
				INFOPLIST_KEY_UIApplicationSupportsIndirectInputEvents = YES;
				INFOPLIST_KEY_UILaunchScreen_Generation = YES;
				INFOPLIST_KEY_UISupportedInterfaceOrientations_iPad = "UIInterfaceOrientationPortrait UIInterfaceOrientationPortraitUpsideDown UIInterfaceOrientationLandscapeLeft UIInterfaceOrientationLandscapeRight";
				INFOPLIST_KEY_UISupportedInterfaceOrientations_iPhone = "UIInterfaceOrientationPortrait UIInterfaceOrientationLandscapeLeft UIInterfaceOrientationLandscapeRight";
				LD_RUNPATH_SEARCH_PATHS = (
					"$(inherited)",
					"@executable_path/Frameworks",
				);
				MARKETING_VERSION = 1.0;
				PRODUCT_BUNDLE_IDENTIFIER = "sanayUJ.War-Card-Game";
				PRODUCT_NAME = "$(TARGET_NAME)";
				SWIFT_EMIT_LOC_STRINGS = YES;
				SWIFT_VERSION = 5.0;
				TARGETED_DEVICE_FAMILY = "1,2";
			};
			name = Debug;
		};
		CD66DF5F2B7DED7C0027EFA0 /* Release */ = {
			isa = XCBuildConfiguration;
			buildSettings = {
				ASSETCATALOG_COMPILER_APPICON_NAME = AppIcon;
				ASSETCATALOG_COMPILER_GLOBAL_ACCENT_COLOR_NAME = AccentColor;
				CODE_SIGN_STYLE = Automatic;
				CURRENT_PROJECT_VERSION = 1;
				DEVELOPMENT_ASSET_PATHS = "\"War Card Game/Preview Content\"";
				ENABLE_PREVIEWS = YES;
				GENERATE_INFOPLIST_FILE = YES;
				INFOPLIST_KEY_UIApplicationSceneManifest_Generation = YES;
				INFOPLIST_KEY_UIApplicationSupportsIndirectInputEvents = YES;
				INFOPLIST_KEY_UILaunchScreen_Generation = YES;
				INFOPLIST_KEY_UISupportedInterfaceOrientations_iPad = "UIInterfaceOrientationPortrait UIInterfaceOrientationPortraitUpsideDown UIInterfaceOrientationLandscapeLeft UIInterfaceOrientationLandscapeRight";
				INFOPLIST_KEY_UISupportedInterfaceOrientations_iPhone = "UIInterfaceOrientationPortrait UIInterfaceOrientationLandscapeLeft UIInterfaceOrientationLandscapeRight";
				LD_RUNPATH_SEARCH_PATHS = (
					"$(inherited)",
					"@executable_path/Frameworks",
				);
				MARKETING_VERSION = 1.0;
				PRODUCT_BUNDLE_IDENTIFIER = "sanayUJ.War-Card-Game";
				PRODUCT_NAME = "$(TARGET_NAME)";
				SWIFT_EMIT_LOC_STRINGS = YES;
				SWIFT_VERSION = 5.0;
				TARGETED_DEVICE_FAMILY = "1,2";
			};
			name = Release;
		};
		CD66DF612B7DED7C0027EFA0 /* Debug */ = {
			isa = XCBuildConfiguration;
			buildSettings = {
				ALWAYS_EMBED_SWIFT_STANDARD_LIBRARIES = YES;
				BUNDLE_LOADER = "$(TEST_HOST)";
				CODE_SIGN_STYLE = Automatic;
				CURRENT_PROJECT_VERSION = 1;
				GENERATE_INFOPLIST_FILE = YES;
				IPHONEOS_DEPLOYMENT_TARGET = 17.2;
				MARKETING_VERSION = 1.0;
				PRODUCT_BUNDLE_IDENTIFIER = "sanayUJ.War-Card-GameTests";
				PRODUCT_NAME = "$(TARGET_NAME)";
				SWIFT_EMIT_LOC_STRINGS = NO;
				SWIFT_VERSION = 5.0;
				TARGETED_DEVICE_FAMILY = "1,2";
				TEST_HOST = "$(BUILT_PRODUCTS_DIR)/War Card Game.app/$(BUNDLE_EXECUTABLE_FOLDER_PATH)/War Card Game";
			};
			name = Debug;
		};
		CD66DF622B7DED7C0027EFA0 /* Release */ = {
			isa = XCBuildConfiguration;
			buildSettings = {
				ALWAYS_EMBED_SWIFT_STANDARD_LIBRARIES = YES;
				BUNDLE_LOADER = "$(TEST_HOST)";
				CODE_SIGN_STYLE = Automatic;
				CURRENT_PROJECT_VERSION = 1;
				GENERATE_INFOPLIST_FILE = YES;
				IPHONEOS_DEPLOYMENT_TARGET = 17.2;
				MARKETING_VERSION = 1.0;
				PRODUCT_BUNDLE_IDENTIFIER = "sanayUJ.War-Card-GameTests";
				PRODUCT_NAME = "$(TARGET_NAME)";
				SWIFT_EMIT_LOC_STRINGS = NO;
				SWIFT_VERSION = 5.0;
				TARGETED_DEVICE_FAMILY = "1,2";
				TEST_HOST = "$(BUILT_PRODUCTS_DIR)/War Card Game.app/$(BUNDLE_EXECUTABLE_FOLDER_PATH)/War Card Game";
			};
			name = Release;
		};
		CD66DF642B7DED7C0027EFA0 /* Debug */ = {
			isa = XCBuildConfiguration;
			buildSettings = {
				ALWAYS_EMBED_SWIFT_STANDARD_LIBRARIES = YES;
				CODE_SIGN_STYLE = Automatic;
				CURRENT_PROJECT_VERSION = 1;
				GENERATE_INFOPLIST_FILE = YES;
				MARKETING_VERSION = 1.0;
				PRODUCT_BUNDLE_IDENTIFIER = "sanayUJ.War-Card-GameUITests";
				PRODUCT_NAME = "$(TARGET_NAME)";
				SWIFT_EMIT_LOC_STRINGS = NO;
				SWIFT_VERSION = 5.0;
				TARGETED_DEVICE_FAMILY = "1,2";
				TEST_TARGET_NAME = "War Card Game";
			};
			name = Debug;
		};
		CD66DF652B7DED7C0027EFA0 /* Release */ = {
			isa = XCBuildConfiguration;
			buildSettings = {
				ALWAYS_EMBED_SWIFT_STANDARD_LIBRARIES = YES;
				CODE_SIGN_STYLE = Automatic;
				CURRENT_PROJECT_VERSION = 1;
				GENERATE_INFOPLIST_FILE = YES;
				MARKETING_VERSION = 1.0;
				PRODUCT_BUNDLE_IDENTIFIER = "sanayUJ.War-Card-GameUITests";
				PRODUCT_NAME = "$(TARGET_NAME)";
				SWIFT_EMIT_LOC_STRINGS = NO;
				SWIFT_VERSION = 5.0;
				TARGETED_DEVICE_FAMILY = "1,2";
				TEST_TARGET_NAME = "War Card Game";
			};
			name = Release;
		};
/* End XCBuildConfiguration section */

/* Begin XCConfigurationList section */
		CD66DF342B7DED7A0027EFA0 /* Build configuration list for PBXProject "War Card Game" */ = {
			isa = XCConfigurationList;
			buildConfigurations = (
				CD66DF5B2B7DED7C0027EFA0 /* Debug */,
				CD66DF5C2B7DED7C0027EFA0 /* Release */,
			);
			defaultConfigurationIsVisible = 0;
			defaultConfigurationName = Release;
		};
		CD66DF5D2B7DED7C0027EFA0 /* Build configuration list for PBXNativeTarget "War Card Game" */ = {
			isa = XCConfigurationList;
			buildConfigurations = (
				CD66DF5E2B7DED7C0027EFA0 /* Debug */,
				CD66DF5F2B7DED7C0027EFA0 /* Release */,
			);
			defaultConfigurationIsVisible = 0;
			defaultConfigurationName = Release;
		};
		CD66DF602B7DED7C0027EFA0 /* Build configuration list for PBXNativeTarget "War Card GameTests" */ = {
			isa = XCConfigurationList;
			buildConfigurations = (
				CD66DF612B7DED7C0027EFA0 /* Debug */,
				CD66DF622B7DED7C0027EFA0 /* Release */,
			);
			defaultConfigurationIsVisible = 0;
			defaultConfigurationName = Release;
		};
		CD66DF632B7DED7C0027EFA0 /* Build configuration list for PBXNativeTarget "War Card GameUITests" */ = {
			isa = XCConfigurationList;
			buildConfigurations = (
				CD66DF642B7DED7C0027EFA0 /* Debug */,
				CD66DF652B7DED7C0027EFA0 /* Release */,
			);
			defaultConfigurationIsVisible = 0;
			defaultConfigurationName = Release;
		};
/* End XCConfigurationList section */
	};
	rootObject = CD66DF312B7DED7A0027EFA0 /* Project object */;
}
