// !$*UTF8*$!
{
	archiveVersion = 1;
	classes = {
	};
	objectVersion = 56;
	objects = {

/* Begin PBXBuildFile section */
		CDF03F1C2B7C981F003DFD72 /* Hello_worldApp.swift in Sources */ = {isa = PBXBuildFile; fileRef = CDF03F1B2B7C981F003DFD72 /* Hello_worldApp.swift */; };
		CDF03F1E2B7C981F003DFD72 /* ContentView.swift in Sources */ = {isa = PBXBuildFile; fileRef = CDF03F1D2B7C981F003DFD72 /* ContentView.swift */; };
		CDF03F202B7C9821003DFD72 /* Assets.xcassets in Resources */ = {isa = PBXBuildFile; fileRef = CDF03F1F2B7C9821003DFD72 /* Assets.xcassets */; };
		CDF03F232B7C9821003DFD72 /* Preview Assets.xcassets in Resources */ = {isa = PBXBuildFile; fileRef = CDF03F222B7C9821003DFD72 /* Preview Assets.xcassets */; };
		CDF03F2D2B7C9821003DFD72 /* Hello_worldTests.swift in Sources */ = {isa = PBXBuildFile; fileRef = CDF03F2C2B7C9821003DFD72 /* Hello_worldTests.swift */; };
		CDF03F372B7C9821003DFD72 /* Hello_worldUITests.swift in Sources */ = {isa = PBXBuildFile; fileRef = CDF03F362B7C9821003DFD72 /* Hello_worldUITests.swift */; };
		CDF03F392B7C9821003DFD72 /* Hello_worldUITestsLaunchTests.swift in Sources */ = {isa = PBXBuildFile; fileRef = CDF03F382B7C9821003DFD72 /* Hello_worldUITestsLaunchTests.swift */; };
/* End PBXBuildFile section */

/* Begin PBXContainerItemProxy section */
		CDF03F292B7C9821003DFD72 /* PBXContainerItemProxy */ = {
			isa = PBXContainerItemProxy;
			containerPortal = CDF03F102B7C981F003DFD72 /* Project object */;
			proxyType = 1;
			remoteGlobalIDString = CDF03F172B7C981F003DFD72;
			remoteInfo = "Hello world";
		};
		CDF03F332B7C9821003DFD72 /* PBXContainerItemProxy */ = {
			isa = PBXContainerItemProxy;
			containerPortal = CDF03F102B7C981F003DFD72 /* Project object */;
			proxyType = 1;
			remoteGlobalIDString = CDF03F172B7C981F003DFD72;
			remoteInfo = "Hello world";
		};
/* End PBXContainerItemProxy section */

/* Begin PBXFileReference section */
		CDF03F182B7C981F003DFD72 /* Hello world.app */ = {isa = PBXFileReference; explicitFileType = wrapper.application; includeInIndex = 0; path = "Hello world.app"; sourceTree = BUILT_PRODUCTS_DIR; };
		CDF03F1B2B7C981F003DFD72 /* Hello_worldApp.swift */ = {isa = PBXFileReference; lastKnownFileType = sourcecode.swift; path = Hello_worldApp.swift; sourceTree = "<group>"; };
		CDF03F1D2B7C981F003DFD72 /* ContentView.swift */ = {isa = PBXFileReference; lastKnownFileType = sourcecode.swift; path = ContentView.swift; sourceTree = "<group>"; };
		CDF03F1F2B7C9821003DFD72 /* Assets.xcassets */ = {isa = PBXFileReference; lastKnownFileType = folder.assetcatalog; path = Assets.xcassets; sourceTree = "<group>"; };
		CDF03F222B7C9821003DFD72 /* Preview Assets.xcassets */ = {isa = PBXFileReference; lastKnownFileType = folder.assetcatalog; path = "Preview Assets.xcassets"; sourceTree = "<group>"; };
		CDF03F282B7C9821003DFD72 /* Hello worldTests.xctest */ = {isa = PBXFileReference; explicitFileType = wrapper.cfbundle; includeInIndex = 0; path = "Hello worldTests.xctest"; sourceTree = BUILT_PRODUCTS_DIR; };
		CDF03F2C2B7C9821003DFD72 /* Hello_worldTests.swift */ = {isa = PBXFileReference; lastKnownFileType = sourcecode.swift; path = Hello_worldTests.swift; sourceTree = "<group>"; };
		CDF03F322B7C9821003DFD72 /* Hello worldUITests.xctest */ = {isa = PBXFileReference; explicitFileType = wrapper.cfbundle; includeInIndex = 0; path = "Hello worldUITests.xctest"; sourceTree = BUILT_PRODUCTS_DIR; };
		CDF03F362B7C9821003DFD72 /* Hello_worldUITests.swift */ = {isa = PBXFileReference; lastKnownFileType = sourcecode.swift; path = Hello_worldUITests.swift; sourceTree = "<group>"; };
		CDF03F382B7C9821003DFD72 /* Hello_worldUITestsLaunchTests.swift */ = {isa = PBXFileReference; lastKnownFileType = sourcecode.swift; path = Hello_worldUITestsLaunchTests.swift; sourceTree = "<group>"; };
/* End PBXFileReference section */

/* Begin PBXFrameworksBuildPhase section */
		CDF03F152B7C981F003DFD72 /* Frameworks */ = {
			isa = PBXFrameworksBuildPhase;
			buildActionMask = 2147483647;
			files = (
			);
			runOnlyForDeploymentPostprocessing = 0;
		};
		CDF03F252B7C9821003DFD72 /* Frameworks */ = {
			isa = PBXFrameworksBuildPhase;
			buildActionMask = 2147483647;
			files = (
			);
			runOnlyForDeploymentPostprocessing = 0;
		};
		CDF03F2F2B7C9821003DFD72 /* Frameworks */ = {
			isa = PBXFrameworksBuildPhase;
			buildActionMask = 2147483647;
			files = (
			);
			runOnlyForDeploymentPostprocessing = 0;
		};
/* End PBXFrameworksBuildPhase section */

/* Begin PBXGroup section */
		CDF03F0F2B7C981F003DFD72 = {
			isa = PBXGroup;
			children = (
				CDF03F1A2B7C981F003DFD72 /* Hello world */,
				CDF03F2B2B7C9821003DFD72 /* Hello worldTests */,
				CDF03F352B7C9821003DFD72 /* Hello worldUITests */,
				CDF03F192B7C981F003DFD72 /* Products */,
			);
			sourceTree = "<group>";
		};
		CDF03F192B7C981F003DFD72 /* Products */ = {
			isa = PBXGroup;
			children = (
				CDF03F182B7C981F003DFD72 /* Hello world.app */,
				CDF03F282B7C9821003DFD72 /* Hello worldTests.xctest */,
				CDF03F322B7C9821003DFD72 /* Hello worldUITests.xctest */,
			);
			name = Products;
			sourceTree = "<group>";
		};
		CDF03F1A2B7C981F003DFD72 /* Hello world */ = {
			isa = PBXGroup;
			children = (
				CDF03F1B2B7C981F003DFD72 /* Hello_worldApp.swift */,
				CDF03F1D2B7C981F003DFD72 /* ContentView.swift */,
				CDF03F1F2B7C9821003DFD72 /* Assets.xcassets */,
				CDF03F212B7C9821003DFD72 /* Preview Content */,
			);
			path = "Hello world";
			sourceTree = "<group>";
		};
		CDF03F212B7C9821003DFD72 /* Preview Content */ = {
			isa = PBXGroup;
			children = (
				CDF03F222B7C9821003DFD72 /* Preview Assets.xcassets */,
			);
			path = "Preview Content";
			sourceTree = "<group>";
		};
		CDF03F2B2B7C9821003DFD72 /* Hello worldTests */ = {
			isa = PBXGroup;
			children = (
				CDF03F2C2B7C9821003DFD72 /* Hello_worldTests.swift */,
			);
			path = "Hello worldTests";
			sourceTree = "<group>";
		};
		CDF03F352B7C9821003DFD72 /* Hello worldUITests */ = {
			isa = PBXGroup;
			children = (
				CDF03F362B7C9821003DFD72 /* Hello_worldUITests.swift */,
				CDF03F382B7C9821003DFD72 /* Hello_worldUITestsLaunchTests.swift */,
			);
			path = "Hello worldUITests";
			sourceTree = "<group>";
		};
/* End PBXGroup section */

/* Begin PBXNativeTarget section */
		CDF03F172B7C981F003DFD72 /* Hello world */ = {
			isa = PBXNativeTarget;
			buildConfigurationList = CDF03F3C2B7C9821003DFD72 /* Build configuration list for PBXNativeTarget "Hello world" */;
			buildPhases = (
				CDF03F142B7C981F003DFD72 /* Sources */,
				CDF03F152B7C981F003DFD72 /* Frameworks */,
				CDF03F162B7C981F003DFD72 /* Resources */,
			);
			buildRules = (
			);
			dependencies = (
			);
			name = "Hello world";
			productName = "Hello world";
			productReference = CDF03F182B7C981F003DFD72 /* Hello world.app */;
			productType = "com.apple.product-type.application";
		};
		CDF03F272B7C9821003DFD72 /* Hello worldTests */ = {
			isa = PBXNativeTarget;
			buildConfigurationList = CDF03F3F2B7C9821003DFD72 /* Build configuration list for PBXNativeTarget "Hello worldTests" */;
			buildPhases = (
				CDF03F242B7C9821003DFD72 /* Sources */,
				CDF03F252B7C9821003DFD72 /* Frameworks */,
				CDF03F262B7C9821003DFD72 /* Resources */,
			);
			buildRules = (
			);
			dependencies = (
				CDF03F2A2B7C9821003DFD72 /* PBXTargetDependency */,
			);
			name = "Hello worldTests";
			productName = "Hello worldTests";
			productReference = CDF03F282B7C9821003DFD72 /* Hello worldTests.xctest */;
			productType = "com.apple.product-type.bundle.unit-test";
		};
		CDF03F312B7C9821003DFD72 /* Hello worldUITests */ = {
			isa = PBXNativeTarget;
			buildConfigurationList = CDF03F422B7C9821003DFD72 /* Build configuration list for PBXNativeTarget "Hello worldUITests" */;
			buildPhases = (
				CDF03F2E2B7C9821003DFD72 /* Sources */,
				CDF03F2F2B7C9821003DFD72 /* Frameworks */,
				CDF03F302B7C9821003DFD72 /* Resources */,
			);
			buildRules = (
			);
			dependencies = (
				CDF03F342B7C9821003DFD72 /* PBXTargetDependency */,
			);
			name = "Hello worldUITests";
			productName = "Hello worldUITests";
			productReference = CDF03F322B7C9821003DFD72 /* Hello worldUITests.xctest */;
			productType = "com.apple.product-type.bundle.ui-testing";
		};
/* End PBXNativeTarget section */

/* Begin PBXProject section */
		CDF03F102B7C981F003DFD72 /* Project object */ = {
			isa = PBXProject;
			attributes = {
				BuildIndependentTargetsInParallel = 1;
				LastSwiftUpdateCheck = 1520;
				LastUpgradeCheck = 1520;
				TargetAttributes = {
					CDF03F172B7C981F003DFD72 = {
						CreatedOnToolsVersion = 15.2;
					};
					CDF03F272B7C9821003DFD72 = {
						CreatedOnToolsVersion = 15.2;
						TestTargetID = CDF03F172B7C981F003DFD72;
					};
					CDF03F312B7C9821003DFD72 = {
						CreatedOnToolsVersion = 15.2;
						TestTargetID = CDF03F172B7C981F003DFD72;
					};
				};
			};
			buildConfigurationList = CDF03F132B7C981F003DFD72 /* Build configuration list for PBXProject "Hello world" */;
			compatibilityVersion = "Xcode 14.0";
			developmentRegion = en;
			hasScannedForEncodings = 0;
			knownRegions = (
				en,
				Base,
			);
			mainGroup = CDF03F0F2B7C981F003DFD72;
			productRefGroup = CDF03F192B7C981F003DFD72 /* Products */;
			projectDirPath = "";
			projectRoot = "";
			targets = (
				CDF03F172B7C981F003DFD72 /* Hello world */,
				CDF03F272B7C9821003DFD72 /* Hello worldTests */,
				CDF03F312B7C9821003DFD72 /* Hello worldUITests */,
			);
		};
/* End PBXProject section */

/* Begin PBXResourcesBuildPhase section */
		CDF03F162B7C981F003DFD72 /* Resources */ = {
			isa = PBXResourcesBuildPhase;
			buildActionMask = 2147483647;
			files = (
				CDF03F232B7C9821003DFD72 /* Preview Assets.xcassets in Resources */,
				CDF03F202B7C9821003DFD72 /* Assets.xcassets in Resources */,
			);
			runOnlyForDeploymentPostprocessing = 0;
		};
		CDF03F262B7C9821003DFD72 /* Resources */ = {
			isa = PBXResourcesBuildPhase;
			buildActionMask = 2147483647;
			files = (
			);
			runOnlyForDeploymentPostprocessing = 0;
		};
		CDF03F302B7C9821003DFD72 /* Resources */ = {
			isa = PBXResourcesBuildPhase;
			buildActionMask = 2147483647;
			files = (
			);
			runOnlyForDeploymentPostprocessing = 0;
		};
/* End PBXResourcesBuildPhase section */

/* Begin PBXSourcesBuildPhase section */
		CDF03F142B7C981F003DFD72 /* Sources */ = {
			isa = PBXSourcesBuildPhase;
			buildActionMask = 2147483647;
			files = (
				CDF03F1E2B7C981F003DFD72 /* ContentView.swift in Sources */,
				CDF03F1C2B7C981F003DFD72 /* Hello_worldApp.swift in Sources */,
			);
			runOnlyForDeploymentPostprocessing = 0;
		};
		CDF03F242B7C9821003DFD72 /* Sources */ = {
			isa = PBXSourcesBuildPhase;
			buildActionMask = 2147483647;
			files = (
				CDF03F2D2B7C9821003DFD72 /* Hello_worldTests.swift in Sources */,
			);
			runOnlyForDeploymentPostprocessing = 0;
		};
		CDF03F2E2B7C9821003DFD72 /* Sources */ = {
			isa = PBXSourcesBuildPhase;
			buildActionMask = 2147483647;
			files = (
				CDF03F392B7C9821003DFD72 /* Hello_worldUITestsLaunchTests.swift in Sources */,
				CDF03F372B7C9821003DFD72 /* Hello_worldUITests.swift in Sources */,
			);
			runOnlyForDeploymentPostprocessing = 0;
		};
/* End PBXSourcesBuildPhase section */

/* Begin PBXTargetDependency section */
		CDF03F2A2B7C9821003DFD72 /* PBXTargetDependency */ = {
			isa = PBXTargetDependency;
			target = CDF03F172B7C981F003DFD72 /* Hello world */;
			targetProxy = CDF03F292B7C9821003DFD72 /* PBXContainerItemProxy */;
		};
		CDF03F342B7C9821003DFD72 /* PBXTargetDependency */ = {
			isa = PBXTargetDependency;
			target = CDF03F172B7C981F003DFD72 /* Hello world */;
			targetProxy = CDF03F332B7C9821003DFD72 /* PBXContainerItemProxy */;
		};
/* End PBXTargetDependency section */

/* Begin XCBuildConfiguration section */
		CDF03F3A2B7C9821003DFD72 /* Debug */ = {
			isa = XCBuildConfiguration;
			buildSettings = {
				ALWAYS_SEARCH_USER_PATHS = NO;
				ASSETCATALOG_COMPILER_GENERATE_SWIFT_ASSET_SYMBOL_EXTENSIONS = YES;
				CLANG_ANALYZER_NONNULL = YES;
				CLANG_ANALYZER_NUMBER_OBJECT_CONVERSION = YES_AGGRESSIVE;
				CLANG_CXX_LANGUAGE_STANDARD = "gnu++20";
				CLANG_ENABLE_MODULES = YES;
				CLANG_ENABLE_OBJC_ARC = YES;
				CLANG_ENABLE_OBJC_WEAK = YES;
				CLANG_WARN_BLOCK_CAPTURE_AUTORELEASING = YES;
				CLANG_WARN_BOOL_CONVERSION = YES;
				CLANG_WARN_COMMA = YES;
				CLANG_WARN_CONSTANT_CONVERSION = YES;
				CLANG_WARN_DEPRECATED_OBJC_IMPLEMENTATIONS = YES;
				CLANG_WARN_DIRECT_OBJC_ISA_USAGE = YES_ERROR;
				CLANG_WARN_DOCUMENTATION_COMMENTS = YES;
				CLANG_WARN_EMPTY_BODY = YES;
				CLANG_WARN_ENUM_CONVERSION = YES;
				CLANG_WARN_INFINITE_RECURSION = YES;
				CLANG_WARN_INT_CONVERSION = YES;
				CLANG_WARN_NON_LITERAL_NULL_CONVERSION = YES;
				CLANG_WARN_OBJC_IMPLICIT_RETAIN_SELF = YES;
				CLANG_WARN_OBJC_LITERAL_CONVERSION = YES;
				CLANG_WARN_OBJC_ROOT_CLASS = YES_ERROR;
				CLANG_WARN_QUOTED_INCLUDE_IN_FRAMEWORK_HEADER = YES;
				CLANG_WARN_RANGE_LOOP_ANALYSIS = YES;
				CLANG_WARN_STRICT_PROTOTYPES = YES;
				CLANG_WARN_SUSPICIOUS_MOVE = YES;
				CLANG_WARN_UNGUARDED_AVAILABILITY = YES_AGGRESSIVE;
				CLANG_WARN_UNREACHABLE_CODE = YES;
				CLANG_WARN__DUPLICATE_METHOD_MATCH = YES;
				COPY_PHASE_STRIP = NO;
				DEBUG_INFORMATION_FORMAT = dwarf;
				ENABLE_STRICT_OBJC_MSGSEND = YES;
				ENABLE_TESTABILITY = YES;
				ENABLE_USER_SCRIPT_SANDBOXING = YES;
				GCC_C_LANGUAGE_STANDARD = gnu17;
				GCC_DYNAMIC_NO_PIC = NO;
				GCC_NO_COMMON_BLOCKS = YES;
				GCC_OPTIMIZATION_LEVEL = 0;
				GCC_PREPROCESSOR_DEFINITIONS = (
					"DEBUG=1",
					"$(inherited)",
				);
				GCC_WARN_64_TO_32_BIT_CONVERSION = YES;
				GCC_WARN_ABOUT_RETURN_TYPE = YES_ERROR;
				GCC_WARN_UNDECLARED_SELECTOR = YES;
				GCC_WARN_UNINITIALIZED_AUTOS = YES_AGGRESSIVE;
				GCC_WARN_UNUSED_FUNCTION = YES;
				GCC_WARN_UNUSED_VARIABLE = YES;
				IPHONEOS_DEPLOYMENT_TARGET = 17.2;
				LOCALIZATION_PREFERS_STRING_CATALOGS = YES;
				MTL_ENABLE_DEBUG_INFO = INCLUDE_SOURCE;
				MTL_FAST_MATH = YES;
				ONLY_ACTIVE_ARCH = YES;
				SDKROOT = iphoneos;
				SWIFT_ACTIVE_COMPILATION_CONDITIONS = "DEBUG $(inherited)";
				SWIFT_OPTIMIZATION_LEVEL = "-Onone";
			};
			name = Debug;
		};
		CDF03F3B2B7C9821003DFD72 /* Release */ = {
			isa = XCBuildConfiguration;
			buildSettings = {
				ALWAYS_SEARCH_USER_PATHS = NO;
				ASSETCATALOG_COMPILER_GENERATE_SWIFT_ASSET_SYMBOL_EXTENSIONS = YES;
				CLANG_ANALYZER_NONNULL = YES;
				CLANG_ANALYZER_NUMBER_OBJECT_CONVERSION = YES_AGGRESSIVE;
				CLANG_CXX_LANGUAGE_STANDARD = "gnu++20";
				CLANG_ENABLE_MODULES = YES;
				CLANG_ENABLE_OBJC_ARC = YES;
				CLANG_ENABLE_OBJC_WEAK = YES;
				CLANG_WARN_BLOCK_CAPTURE_AUTORELEASING = YES;
				CLANG_WARN_BOOL_CONVERSION = YES;
				CLANG_WARN_COMMA = YES;
				CLANG_WARN_CONSTANT_CONVERSION = YES;
				CLANG_WARN_DEPRECATED_OBJC_IMPLEMENTATIONS = YES;
				CLANG_WARN_DIRECT_OBJC_ISA_USAGE = YES_ERROR;
				CLANG_WARN_DOCUMENTATION_COMMENTS = YES;
				CLANG_WARN_EMPTY_BODY = YES;
				CLANG_WARN_ENUM_CONVERSION = YES;
				CLANG_WARN_INFINITE_RECURSION = YES;
				CLANG_WARN_INT_CONVERSION = YES;
				CLANG_WARN_NON_LITERAL_NULL_CONVERSION = YES;
				CLANG_WARN_OBJC_IMPLICIT_RETAIN_SELF = YES;
				CLANG_WARN_OBJC_LITERAL_CONVERSION = YES;
				CLANG_WARN_OBJC_ROOT_CLASS = YES_ERROR;
				CLANG_WARN_QUOTED_INCLUDE_IN_FRAMEWORK_HEADER = YES;
				CLANG_WARN_RANGE_LOOP_ANALYSIS = YES;
				CLANG_WARN_STRICT_PROTOTYPES = YES;
				CLANG_WARN_SUSPICIOUS_MOVE = YES;
				CLANG_WARN_UNGUARDED_AVAILABILITY = YES_AGGRESSIVE;
				CLANG_WARN_UNREACHABLE_CODE = YES;
				CLANG_WARN__DUPLICATE_METHOD_MATCH = YES;
				COPY_PHASE_STRIP = NO;
				DEBUG_INFORMATION_FORMAT = "dwarf-with-dsym";
				ENABLE_NS_ASSERTIONS = NO;
				ENABLE_STRICT_OBJC_MSGSEND = YES;
				ENABLE_USER_SCRIPT_SANDBOXING = YES;
				GCC_C_LANGUAGE_STANDARD = gnu17;
				GCC_NO_COMMON_BLOCKS = YES;
				GCC_WARN_64_TO_32_BIT_CONVERSION = YES;
				GCC_WARN_ABOUT_RETURN_TYPE = YES_ERROR;
				GCC_WARN_UNDECLARED_SELECTOR = YES;
				GCC_WARN_UNINITIALIZED_AUTOS = YES_AGGRESSIVE;
				GCC_WARN_UNUSED_FUNCTION = YES;
				GCC_WARN_UNUSED_VARIABLE = YES;
				IPHONEOS_DEPLOYMENT_TARGET = 17.2;
				LOCALIZATION_PREFERS_STRING_CATALOGS = YES;
				MTL_ENABLE_DEBUG_INFO = NO;
				MTL_FAST_MATH = YES;
				SDKROOT = iphoneos;
				SWIFT_COMPILATION_MODE = wholemodule;
				VALIDATE_PRODUCT = YES;
			};
			name = Release;
		};
		CDF03F3D2B7C9821003DFD72 /* Debug */ = {
			isa = XCBuildConfiguration;
			buildSettings = {
				ASSETCATALOG_COMPILER_APPICON_NAME = AppIcon;
				ASSETCATALOG_COMPILER_GLOBAL_ACCENT_COLOR_NAME = AccentColor;
				CODE_SIGN_STYLE = Automatic;
				CURRENT_PROJECT_VERSION = 1;
				DEVELOPMENT_ASSET_PATHS = "\"Hello world/Preview Content\"";
				ENABLE_PREVIEWS = YES;
				GENERATE_INFOPLIST_FILE = YES;
				INFOPLIST_KEY_UIApplicationSceneManifest_Generation = YES;
				INFOPLIST_KEY_UIApplicationSupportsIndirectInputEvents = YES;
				INFOPLIST_KEY_UILaunchScreen_Generation = YES;
				INFOPLIST_KEY_UISupportedInterfaceOrientations_iPad = "UIInterfaceOrientationPortrait UIInterfaceOrientationPortraitUpsideDown UIInterfaceOrientationLandscapeLeft UIInterfaceOrientationLandscapeRight";
				INFOPLIST_KEY_UISupportedInterfaceOrientations_iPhone = "UIInterfaceOrientationPortrait UIInterfaceOrientationLandscapeLeft UIInterfaceOrientationLandscapeRight";
				LD_RUNPATH_SEARCH_PATHS = (
					"$(inherited)",
					"@executable_path/Frameworks",
				);
				MARKETING_VERSION = 1.0;
				PRODUCT_BUNDLE_IDENTIFIER = "sanayUJ.Hello-world";
				PRODUCT_NAME = "$(TARGET_NAME)";
				SWIFT_EMIT_LOC_STRINGS = YES;
				SWIFT_VERSION = 5.0;
				TARGETED_DEVICE_FAMILY = "1,2";
			};
			name = Debug;
		};
		CDF03F3E2B7C9821003DFD72 /* Release */ = {
			isa = XCBuildConfiguration;
			buildSettings = {
				ASSETCATALOG_COMPILER_APPICON_NAME = AppIcon;
				ASSETCATALOG_COMPILER_GLOBAL_ACCENT_COLOR_NAME = AccentColor;
				CODE_SIGN_STYLE = Automatic;
				CURRENT_PROJECT_VERSION = 1;
				DEVELOPMENT_ASSET_PATHS = "\"Hello world/Preview Content\"";
				ENABLE_PREVIEWS = YES;
				GENERATE_INFOPLIST_FILE = YES;
				INFOPLIST_KEY_UIApplicationSceneManifest_Generation = YES;
				INFOPLIST_KEY_UIApplicationSupportsIndirectInputEvents = YES;
				INFOPLIST_KEY_UILaunchScreen_Generation = YES;
				INFOPLIST_KEY_UISupportedInterfaceOrientations_iPad = "UIInterfaceOrientationPortrait UIInterfaceOrientationPortraitUpsideDown UIInterfaceOrientationLandscapeLeft UIInterfaceOrientationLandscapeRight";
				INFOPLIST_KEY_UISupportedInterfaceOrientations_iPhone = "UIInterfaceOrientationPortrait UIInterfaceOrientationLandscapeLeft UIInterfaceOrientationLandscapeRight";
				LD_RUNPATH_SEARCH_PATHS = (
					"$(inherited)",
					"@executable_path/Frameworks",
				);
				MARKETING_VERSION = 1.0;
				PRODUCT_BUNDLE_IDENTIFIER = "sanayUJ.Hello-world";
				PRODUCT_NAME = "$(TARGET_NAME)";
				SWIFT_EMIT_LOC_STRINGS = YES;
				SWIFT_VERSION = 5.0;
				TARGETED_DEVICE_FAMILY = "1,2";
			};
			name = Release;
		};
		CDF03F402B7C9821003DFD72 /* Debug */ = {
			isa = XCBuildConfiguration;
			buildSettings = {
				ALWAYS_EMBED_SWIFT_STANDARD_LIBRARIES = YES;
				BUNDLE_LOADER = "$(TEST_HOST)";
				CODE_SIGN_STYLE = Automatic;
				CURRENT_PROJECT_VERSION = 1;
				GENERATE_INFOPLIST_FILE = YES;
				IPHONEOS_DEPLOYMENT_TARGET = 17.2;
				MARKETING_VERSION = 1.0;
				PRODUCT_BUNDLE_IDENTIFIER = "sanayUJ.Hello-worldTests";
				PRODUCT_NAME = "$(TARGET_NAME)";
				SWIFT_EMIT_LOC_STRINGS = NO;
				SWIFT_VERSION = 5.0;
				TARGETED_DEVICE_FAMILY = "1,2";
				TEST_HOST = "$(BUILT_PRODUCTS_DIR)/Hello world.app/$(BUNDLE_EXECUTABLE_FOLDER_PATH)/Hello world";
			};
			name = Debug;
		};
		CDF03F412B7C9821003DFD72 /* Release */ = {
			isa = XCBuildConfiguration;
			buildSettings = {
				ALWAYS_EMBED_SWIFT_STANDARD_LIBRARIES = YES;
				BUNDLE_LOADER = "$(TEST_HOST)";
				CODE_SIGN_STYLE = Automatic;
				CURRENT_PROJECT_VERSION = 1;
				GENERATE_INFOPLIST_FILE = YES;
				IPHONEOS_DEPLOYMENT_TARGET = 17.2;
				MARKETING_VERSION = 1.0;
				PRODUCT_BUNDLE_IDENTIFIER = "sanayUJ.Hello-worldTests";
				PRODUCT_NAME = "$(TARGET_NAME)";
				SWIFT_EMIT_LOC_STRINGS = NO;
				SWIFT_VERSION = 5.0;
				TARGETED_DEVICE_FAMILY = "1,2";
				TEST_HOST = "$(BUILT_PRODUCTS_DIR)/Hello world.app/$(BUNDLE_EXECUTABLE_FOLDER_PATH)/Hello world";
			};
			name = Release;
		};
		CDF03F432B7C9821003DFD72 /* Debug */ = {
			isa = XCBuildConfiguration;
			buildSettings = {
				ALWAYS_EMBED_SWIFT_STANDARD_LIBRARIES = YES;
				CODE_SIGN_STYLE = Automatic;
				CURRENT_PROJECT_VERSION = 1;
				GENERATE_INFOPLIST_FILE = YES;
				MARKETING_VERSION = 1.0;
				PRODUCT_BUNDLE_IDENTIFIER = "sanayUJ.Hello-worldUITests";
				PRODUCT_NAME = "$(TARGET_NAME)";
				SWIFT_EMIT_LOC_STRINGS = NO;
				SWIFT_VERSION = 5.0;
				TARGETED_DEVICE_FAMILY = "1,2";
				TEST_TARGET_NAME = "Hello world";
			};
			name = Debug;
		};
		CDF03F442B7C9821003DFD72 /* Release */ = {
			isa = XCBuildConfiguration;
			buildSettings = {
				ALWAYS_EMBED_SWIFT_STANDARD_LIBRARIES = YES;
				CODE_SIGN_STYLE = Automatic;
				CURRENT_PROJECT_VERSION = 1;
				GENERATE_INFOPLIST_FILE = YES;
				MARKETING_VERSION = 1.0;
				PRODUCT_BUNDLE_IDENTIFIER = "sanayUJ.Hello-worldUITests";
				PRODUCT_NAME = "$(TARGET_NAME)";
				SWIFT_EMIT_LOC_STRINGS = NO;
				SWIFT_VERSION = 5.0;
				TARGETED_DEVICE_FAMILY = "1,2";
				TEST_TARGET_NAME = "Hello world";
			};
			name = Release;
		};
/* End XCBuildConfiguration section */

/* Begin XCConfigurationList section */
		CDF03F132B7C981F003DFD72 /* Build configuration list for PBXProject "Hello world" */ = {
			isa = XCConfigurationList;
			buildConfigurations = (
				CDF03F3A2B7C9821003DFD72 /* Debug */,
				CDF03F3B2B7C9821003DFD72 /* Release */,
			);
			defaultConfigurationIsVisible = 0;
			defaultConfigurationName = Release;
		};
		CDF03F3C2B7C9821003DFD72 /* Build configuration list for PBXNativeTarget "Hello world" */ = {
			isa = XCConfigurationList;
			buildConfigurations = (
				CDF03F3D2B7C9821003DFD72 /* Debug */,
				CDF03F3E2B7C9821003DFD72 /* Release */,
			);
			defaultConfigurationIsVisible = 0;
			defaultConfigurationName = Release;
		};
		CDF03F3F2B7C9821003DFD72 /* Build configuration list for PBXNativeTarget "Hello worldTests" */ = {
			isa = XCConfigurationList;
			buildConfigurations = (
				CDF03F402B7C9821003DFD72 /* Debug */,
				CDF03F412B7C9821003DFD72 /* Release */,
			);
			defaultConfigurationIsVisible = 0;
			defaultConfigurationName = Release;
		};
		CDF03F422B7C9821003DFD72 /* Build configuration list for PBXNativeTarget "Hello worldUITests" */ = {
			isa = XCConfigurationList;
			buildConfigurations = (
				CDF03F432B7C9821003DFD72 /* Debug */,
				CDF03F442B7C9821003DFD72 /* Release */,
			);
			defaultConfigurationIsVisible = 0;
			defaultConfigurationName = Release;
		};
/* End XCConfigurationList section */
	};
	rootObject = CDF03F102B7C981F003DFD72 /* Project object */;
}
